// !$*UTF8*$!
{
	archiveVersion = 1;
	classes = {
	};
	objectVersion = 50;
	objects = {

/* Begin PBXBuildFile section */
		4922D3D123F3F90E0099CBF3 /* AppDelegate.swift in Sources */ = {isa = PBXBuildFile; fileRef = 4922D3D023F3F90E0099CBF3 /* AppDelegate.swift */; };
		4922D3D323F3F90E0099CBF3 /* NewsList.swift in Sources */ = {isa = PBXBuildFile; fileRef = 4922D3D223F3F90E0099CBF3 /* NewsList.swift */; };
		4922D3D623F3F90E0099CBF3 /* Main.storyboard in Resources */ = {isa = PBXBuildFile; fileRef = 4922D3D423F3F90E0099CBF3 /* Main.storyboard */; };
		4922D3D823F3F9100099CBF3 /* Assets.xcassets in Resources */ = {isa = PBXBuildFile; fileRef = 4922D3D723F3F9100099CBF3 /* Assets.xcassets */; };
		4922D3DB23F3F9100099CBF3 /* LaunchScreen.storyboard in Resources */ = {isa = PBXBuildFile; fileRef = 4922D3D923F3F9100099CBF3 /* LaunchScreen.storyboard */; };
		4922D3E623F3F9100099CBF3 /* MVVM_SampleTests.swift in Sources */ = {isa = PBXBuildFile; fileRef = 4922D3E523F3F9100099CBF3 /* MVVM_SampleTests.swift */; };
		4922D3F123F3F9100099CBF3 /* MVVM_SampleUITests.swift in Sources */ = {isa = PBXBuildFile; fileRef = 4922D3F023F3F9100099CBF3 /* MVVM_SampleUITests.swift */; };
		4922D40123F3F9680099CBF3 /* Article.swift in Sources */ = {isa = PBXBuildFile; fileRef = 4922D40023F3F9680099CBF3 /* Article.swift */; };
		4922D40323F3FA280099CBF3 /* ArticleViewModel.swift in Sources */ = {isa = PBXBuildFile; fileRef = 4922D40223F3FA280099CBF3 /* ArticleViewModel.swift */; };
		4922D40623F4005E0099CBF3 /* NewsCell.swift in Sources */ = {isa = PBXBuildFile; fileRef = 4922D40523F4005E0099CBF3 /* NewsCell.swift */; };
		4922D40823F4036D0099CBF3 /* NewsDetailVC.swift in Sources */ = {isa = PBXBuildFile; fileRef = 4922D40723F4036D0099CBF3 /* NewsDetailVC.swift */; };
/* End PBXBuildFile section */

/* Begin PBXContainerItemProxy section */
		4922D3E223F3F9100099CBF3 /* PBXContainerItemProxy */ = {
			isa = PBXContainerItemProxy;
			containerPortal = 4922D3C523F3F90E0099CBF3 /* Project object */;
			proxyType = 1;
			remoteGlobalIDString = 4922D3CC23F3F90E0099CBF3;
			remoteInfo = MVVM_Sample;
		};
		4922D3ED23F3F9100099CBF3 /* PBXContainerItemProxy */ = {
			isa = PBXContainerItemProxy;
			containerPortal = 4922D3C523F3F90E0099CBF3 /* Project object */;
			proxyType = 1;
			remoteGlobalIDString = 4922D3CC23F3F90E0099CBF3;
			remoteInfo = MVVM_Sample;
		};
/* End PBXContainerItemProxy section */

/* Begin PBXFileReference section */
		4922D3CD23F3F90E0099CBF3 /* MVVM_Sample.app */ = {isa = PBXFileReference; explicitFileType = wrapper.application; includeInIndex = 0; path = MVVM_Sample.app; sourceTree = BUILT_PRODUCTS_DIR; };
		4922D3D023F3F90E0099CBF3 /* AppDelegate.swift */ = {isa = PBXFileReference; lastKnownFileType = sourcecode.swift; path = AppDelegate.swift; sourceTree = "<group>"; };
		4922D3D223F3F90E0099CBF3 /* NewsList.swift */ = {isa = PBXFileReference; lastKnownFileType = sourcecode.swift; path = NewsList.swift; sourceTree = "<group>"; };
		4922D3D523F3F90E0099CBF3 /* Base */ = {isa = PBXFileReference; lastKnownFileType = file.storyboard; name = Base; path = Base.lproj/Main.storyboard; sourceTree = "<group>"; };
		4922D3D723F3F9100099CBF3 /* Assets.xcassets */ = {isa = PBXFileReference; lastKnownFileType = folder.assetcatalog; path = Assets.xcassets; sourceTree = "<group>"; };
		4922D3DA23F3F9100099CBF3 /* Base */ = {isa = PBXFileReference; lastKnownFileType = file.storyboard; name = Base; path = Base.lproj/LaunchScreen.storyboard; sourceTree = "<group>"; };
		4922D3DC23F3F9100099CBF3 /* Info.plist */ = {isa = PBXFileReference; lastKnownFileType = text.plist.xml; path = Info.plist; sourceTree = "<group>"; };
		4922D3E123F3F9100099CBF3 /* MVVM_SampleTests.xctest */ = {isa = PBXFileReference; explicitFileType = wrapper.cfbundle; includeInIndex = 0; path = MVVM_SampleTests.xctest; sourceTree = BUILT_PRODUCTS_DIR; };
		4922D3E523F3F9100099CBF3 /* MVVM_SampleTests.swift */ = {isa = PBXFileReference; lastKnownFileType = sourcecode.swift; path = MVVM_SampleTests.swift; sourceTree = "<group>"; };
		4922D3E723F3F9100099CBF3 /* Info.plist */ = {isa = PBXFileReference; lastKnownFileType = text.plist.xml; path = Info.plist; sourceTree = "<group>"; };
		4922D3EC23F3F9100099CBF3 /* MVVM_SampleUITests.xctest */ = {isa = PBXFileReference; explicitFileType = wrapper.cfbundle; includeInIndex = 0; path = MVVM_SampleUITests.xctest; sourceTree = BUILT_PRODUCTS_DIR; };
		4922D3F023F3F9100099CBF3 /* MVVM_SampleUITests.swift */ = {isa = PBXFileReference; lastKnownFileType = sourcecode.swift; path = MVVM_SampleUITests.swift; sourceTree = "<group>"; };
		4922D3F223F3F9110099CBF3 /* Info.plist */ = {isa = PBXFileReference; lastKnownFileType = text.plist.xml; path = Info.plist; sourceTree = "<group>"; };
		4922D40023F3F9680099CBF3 /* Article.swift */ = {isa = PBXFileReference; lastKnownFileType = sourcecode.swift; path = Article.swift; sourceTree = "<group>"; };
		4922D40223F3FA280099CBF3 /* ArticleViewModel.swift */ = {isa = PBXFileReference; lastKnownFileType = sourcecode.swift; path = ArticleViewModel.swift; sourceTree = "<group>"; };
		4922D40523F4005E0099CBF3 /* NewsCell.swift */ = {isa = PBXFileReference; lastKnownFileType = sourcecode.swift; path = NewsCell.swift; sourceTree = "<group>"; };
		4922D40723F4036D0099CBF3 /* NewsDetailVC.swift */ = {isa = PBXFileReference; lastKnownFileType = sourcecode.swift; path = NewsDetailVC.swift; sourceTree = "<group>"; };
/* End PBXFileReference section */

/* Begin PBXFrameworksBuildPhase section */
		4922D3CA23F3F90E0099CBF3 /* Frameworks */ = {
			isa = PBXFrameworksBuildPhase;
			buildActionMask = 2147483647;
			files = (
			);
			runOnlyForDeploymentPostprocessing = 0;
		};
		4922D3DE23F3F9100099CBF3 /* Frameworks */ = {
			isa = PBXFrameworksBuildPhase;
			buildActionMask = 2147483647;
			files = (
			);
			runOnlyForDeploymentPostprocessing = 0;
		};
		4922D3E923F3F9100099CBF3 /* Frameworks */ = {
			isa = PBXFrameworksBuildPhase;
			buildActionMask = 2147483647;
			files = (
			);
			runOnlyForDeploymentPostprocessing = 0;
		};
/* End PBXFrameworksBuildPhase section */

/* Begin PBXGroup section */
		4922D3C423F3F90E0099CBF3 = {
			isa = PBXGroup;
			children = (
				4922D3CF23F3F90E0099CBF3 /* MVVM_Sample */,
				4922D3E423F3F9100099CBF3 /* MVVM_SampleTests */,
				4922D3EF23F3F9100099CBF3 /* MVVM_SampleUITests */,
				4922D3CE23F3F90E0099CBF3 /* Products */,
			);
			sourceTree = "<group>";
		};
		4922D3CE23F3F90E0099CBF3 /* Products */ = {
			isa = PBXGroup;
			children = (
				4922D3CD23F3F90E0099CBF3 /* MVVM_Sample.app */,
				4922D3E123F3F9100099CBF3 /* MVVM_SampleTests.xctest */,
				4922D3EC23F3F9100099CBF3 /* MVVM_SampleUITests.xctest */,
			);
			name = Products;
			sourceTree = "<group>";
		};
		4922D3CF23F3F90E0099CBF3 /* MVVM_Sample */ = {
			isa = PBXGroup;
			children = (
				4922D40423F3FFD20099CBF3 /* Controller */,
				4922D3FF23F3F91D0099CBF3 /* ViewModel */,
				4922D3FE23F3F9180099CBF3 /* Model */,
				4922D3D023F3F90E0099CBF3 /* AppDelegate.swift */,
				4922D3D423F3F90E0099CBF3 /* Main.storyboard */,
				4922D3D723F3F9100099CBF3 /* Assets.xcassets */,
				4922D3D923F3F9100099CBF3 /* LaunchScreen.storyboard */,
				4922D3DC23F3F9100099CBF3 /* Info.plist */,
				4922D40523F4005E0099CBF3 /* NewsCell.swift */,
			);
			path = MVVM_Sample;
			sourceTree = "<group>";
		};
		4922D3E423F3F9100099CBF3 /* MVVM_SampleTests */ = {
			isa = PBXGroup;
			children = (
				4922D3E523F3F9100099CBF3 /* MVVM_SampleTests.swift */,
				4922D3E723F3F9100099CBF3 /* Info.plist */,
			);
			path = MVVM_SampleTests;
			sourceTree = "<group>";
		};
		4922D3EF23F3F9100099CBF3 /* MVVM_SampleUITests */ = {
			isa = PBXGroup;
			children = (
				4922D3F023F3F9100099CBF3 /* MVVM_SampleUITests.swift */,
				4922D3F223F3F9110099CBF3 /* Info.plist */,
			);
			path = MVVM_SampleUITests;
			sourceTree = "<group>";
		};
		4922D3FE23F3F9180099CBF3 /* Model */ = {
			isa = PBXGroup;
			children = (
				4922D40023F3F9680099CBF3 /* Article.swift */,
			);
			path = Model;
			sourceTree = "<group>";
		};
		4922D3FF23F3F91D0099CBF3 /* ViewModel */ = {
			isa = PBXGroup;
			children = (
				4922D40223F3FA280099CBF3 /* ArticleViewModel.swift */,
			);
			path = ViewModel;
			sourceTree = "<group>";
		};
		4922D40423F3FFD20099CBF3 /* Controller */ = {
			isa = PBXGroup;
			children = (
				4922D3D223F3F90E0099CBF3 /* NewsList.swift */,
				4922D40723F4036D0099CBF3 /* NewsDetailVC.swift */,
			);
			path = Controller;
			sourceTree = "<group>";
		};
/* End PBXGroup section */

/* Begin PBXNativeTarget section */
		4922D3CC23F3F90E0099CBF3 /* MVVM_Sample */ = {
			isa = PBXNativeTarget;
			buildConfigurationList = 4922D3F523F3F9110099CBF3 /* Build configuration list for PBXNativeTarget "MVVM_Sample" */;
			buildPhases = (
				4922D3C923F3F90E0099CBF3 /* Sources */,
				4922D3CA23F3F90E0099CBF3 /* Frameworks */,
				4922D3CB23F3F90E0099CBF3 /* Resources */,
			);
			buildRules = (
			);
			dependencies = (
			);
			name = MVVM_Sample;
			productName = MVVM_Sample;
			productReference = 4922D3CD23F3F90E0099CBF3 /* MVVM_Sample.app */;
			productType = "com.apple.product-type.application";
		};
		4922D3E023F3F9100099CBF3 /* MVVM_SampleTests */ = {
			isa = PBXNativeTarget;
			buildConfigurationList = 4922D3F823F3F9110099CBF3 /* Build configuration list for PBXNativeTarget "MVVM_SampleTests" */;
			buildPhases = (
				4922D3DD23F3F9100099CBF3 /* Sources */,
				4922D3DE23F3F9100099CBF3 /* Frameworks */,
				4922D3DF23F3F9100099CBF3 /* Resources */,
			);
			buildRules = (
			);
			dependencies = (
				4922D3E323F3F9100099CBF3 /* PBXTargetDependency */,
			);
			name = MVVM_SampleTests;
			productName = MVVM_SampleTests;
			productReference = 4922D3E123F3F9100099CBF3 /* MVVM_SampleTests.xctest */;
			productType = "com.apple.product-type.bundle.unit-test";
		};
		4922D3EB23F3F9100099CBF3 /* MVVM_SampleUITests */ = {
			isa = PBXNativeTarget;
			buildConfigurationList = 4922D3FB23F3F9110099CBF3 /* Build configuration list for PBXNativeTarget "MVVM_SampleUITests" */;
			buildPhases = (
				4922D3E823F3F9100099CBF3 /* Sources */,
				4922D3E923F3F9100099CBF3 /* Frameworks */,
				4922D3EA23F3F9100099CBF3 /* Resources */,
			);
			buildRules = (
			);
			dependencies = (
				4922D3EE23F3F9100099CBF3 /* PBXTargetDependency */,
			);
			name = MVVM_SampleUITests;
			productName = MVVM_SampleUITests;
			productReference = 4922D3EC23F3F9100099CBF3 /* MVVM_SampleUITests.xctest */;
			productType = "com.apple.product-type.bundle.ui-testing";
		};
/* End PBXNativeTarget section */

/* Begin PBXProject section */
		4922D3C523F3F90E0099CBF3 /* Project object */ = {
			isa = PBXProject;
			attributes = {
				LastSwiftUpdateCheck = 1010;
				LastUpgradeCheck = 1010;
				ORGANIZATIONNAME = Jefin;
				TargetAttributes = {
					4922D3CC23F3F90E0099CBF3 = {
						CreatedOnToolsVersion = 10.1;
					};
					4922D3E023F3F9100099CBF3 = {
						CreatedOnToolsVersion = 10.1;
						TestTargetID = 4922D3CC23F3F90E0099CBF3;
					};
					4922D3EB23F3F9100099CBF3 = {
						CreatedOnToolsVersion = 10.1;
						TestTargetID = 4922D3CC23F3F90E0099CBF3;
					};
				};
			};
			buildConfigurationList = 4922D3C823F3F90E0099CBF3 /* Build configuration list for PBXProject "MVVM_Sample" */;
			compatibilityVersion = "Xcode 9.3";
			developmentRegion = en;
			hasScannedForEncodings = 0;
			knownRegions = (
				en,
				Base,
			);
			mainGroup = 4922D3C423F3F90E0099CBF3;
			productRefGroup = 4922D3CE23F3F90E0099CBF3 /* Products */;
			projectDirPath = "";
			projectRoot = "";
			targets = (
				4922D3CC23F3F90E0099CBF3 /* MVVM_Sample */,
				4922D3E023F3F9100099CBF3 /* MVVM_SampleTests */,
				4922D3EB23F3F9100099CBF3 /* MVVM_SampleUITests */,
			);
		};
/* End PBXProject section */

/* Begin PBXResourcesBuildPhase section */
		4922D3CB23F3F90E0099CBF3 /* Resources */ = {
			isa = PBXResourcesBuildPhase;
			buildActionMask = 2147483647;
			files = (
				4922D3DB23F3F9100099CBF3 /* LaunchScreen.storyboard in Resources */,
				4922D3D823F3F9100099CBF3 /* Assets.xcassets in Resources */,
				4922D3D623F3F90E0099CBF3 /* Main.storyboard in Resources */,
			);
			runOnlyForDeploymentPostprocessing = 0;
		};
		4922D3DF23F3F9100099CBF3 /* Resources */ = {
			isa = PBXResourcesBuildPhase;
			buildActionMask = 2147483647;
			files = (
			);
			runOnlyForDeploymentPostprocessing = 0;
		};
		4922D3EA23F3F9100099CBF3 /* Resources */ = {
			isa = PBXResourcesBuildPhase;
			buildActionMask = 2147483647;
			files = (
			);
			runOnlyForDeploymentPostprocessing = 0;
		};
/* End PBXResourcesBuildPhase section */

/* Begin PBXSourcesBuildPhase section */
		4922D3C923F3F90E0099CBF3 /* Sources */ = {
			isa = PBXSourcesBuildPhase;
			buildActionMask = 2147483647;
			files = (
				4922D3D323F3F90E0099CBF3 /* NewsList.swift in Sources */,
				4922D40323F3FA280099CBF3 /* ArticleViewModel.swift in Sources */,
				4922D3D123F3F90E0099CBF3 /* AppDelegate.swift in Sources */,
				4922D40123F3F9680099CBF3 /* Article.swift in Sources */,
				4922D40823F4036D0099CBF3 /* NewsDetailVC.swift in Sources */,
				4922D40623F4005E0099CBF3 /* NewsCell.swift in Sources */,
			);
			runOnlyForDeploymentPostprocessing = 0;
		};
		4922D3DD23F3F9100099CBF3 /* Sources */ = {
			isa = PBXSourcesBuildPhase;
			buildActionMask = 2147483647;
			files = (
				4922D3E623F3F9100099CBF3 /* MVVM_SampleTests.swift in Sources */,
			);
			runOnlyForDeploymentPostprocessing = 0;
		};
		4922D3E823F3F9100099CBF3 /* Sources */ = {
			isa = PBXSourcesBuildPhase;
			buildActionMask = 2147483647;
			files = (
				4922D3F123F3F9100099CBF3 /* MVVM_SampleUITests.swift in Sources */,
			);
			runOnlyForDeploymentPostprocessing = 0;
		};
/* End PBXSourcesBuildPhase section */

/* Begin PBXTargetDependency section */
		4922D3E323F3F9100099CBF3 /* PBXTargetDependency */ = {
			isa = PBXTargetDependency;
			target = 4922D3CC23F3F90E0099CBF3 /* MVVM_Sample */;
			targetProxy = 4922D3E223F3F9100099CBF3 /* PBXContainerItemProxy */;
		};
		4922D3EE23F3F9100099CBF3 /* PBXTargetDependency */ = {
			isa = PBXTargetDependency;
			target = 4922D3CC23F3F90E0099CBF3 /* MVVM_Sample */;
			targetProxy = 4922D3ED23F3F9100099CBF3 /* PBXContainerItemProxy */;
		};
/* End PBXTargetDependency section */

/* Begin PBXVariantGroup section */
		4922D3D423F3F90E0099CBF3 /* Main.storyboard */ = {
			isa = PBXVariantGroup;
			children = (
				4922D3D523F3F90E0099CBF3 /* Base */,
			);
			name = Main.storyboard;
			sourceTree = "<group>";
		};
		4922D3D923F3F9100099CBF3 /* LaunchScreen.storyboard */ = {
			isa = PBXVariantGroup;
			children = (
				4922D3DA23F3F9100099CBF3 /* Base */,
			);
			name = LaunchScreen.storyboard;
			sourceTree = "<group>";
		};
/* End PBXVariantGroup section */

/* Begin XCBuildConfiguration section */
		4922D3F323F3F9110099CBF3 /* Debug */ = {
			isa = XCBuildConfiguration;
			buildSettings = {
				ALWAYS_SEARCH_USER_PATHS = NO;
				CLANG_ANALYZER_NONNULL = YES;
				CLANG_ANALYZER_NUMBER_OBJECT_CONVERSION = YES_AGGRESSIVE;
				CLANG_CXX_LANGUAGE_STANDARD = "gnu++14";
				CLANG_CXX_LIBRARY = "libc++";
				CLANG_ENABLE_MODULES = YES;
				CLANG_ENABLE_OBJC_ARC = YES;
				CLANG_ENABLE_OBJC_WEAK = YES;
				CLANG_WARN_BLOCK_CAPTURE_AUTORELEASING = YES;
				CLANG_WARN_BOOL_CONVERSION = YES;
				CLANG_WARN_COMMA = YES;
				CLANG_WARN_CONSTANT_CONVERSION = YES;
				CLANG_WARN_DEPRECATED_OBJC_IMPLEMENTATIONS = YES;
				CLANG_WARN_DIRECT_OBJC_ISA_USAGE = YES_ERROR;
				CLANG_WARN_DOCUMENTATION_COMMENTS = YES;
				CLANG_WARN_EMPTY_BODY = YES;
				CLANG_WARN_ENUM_CONVERSION = YES;
				CLANG_WARN_INFINITE_RECURSION = YES;
				CLANG_WARN_INT_CONVERSION = YES;
				CLANG_WARN_NON_LITERAL_NULL_CONVERSION = YES;
				CLANG_WARN_OBJC_IMPLICIT_RETAIN_SELF = YES;
				CLANG_WARN_OBJC_LITERAL_CONVERSION = YES;
				CLANG_WARN_OBJC_ROOT_CLASS = YES_ERROR;
				CLANG_WARN_RANGE_LOOP_ANALYSIS = YES;
				CLANG_WARN_STRICT_PROTOTYPES = YES;
				CLANG_WARN_SUSPICIOUS_MOVE = YES;
				CLANG_WARN_UNGUARDED_AVAILABILITY = YES_AGGRESSIVE;
				CLANG_WARN_UNREACHABLE_CODE = YES;
				CLANG_WARN__DUPLICATE_METHOD_MATCH = YES;
				CODE_SIGN_IDENTITY = "iPhone Developer";
				COPY_PHASE_STRIP = NO;
				DEBUG_INFORMATION_FORMAT = dwarf;
				ENABLE_STRICT_OBJC_MSGSEND = YES;
				ENABLE_TESTABILITY = YES;
				GCC_C_LANGUAGE_STANDARD = gnu11;
				GCC_DYNAMIC_NO_PIC = NO;
				GCC_NO_COMMON_BLOCKS = YES;
				GCC_OPTIMIZATION_LEVEL = 0;
				GCC_PREPROCESSOR_DEFINITIONS = (
					"DEBUG=1",
					"$(inherited)",
				);
				GCC_WARN_64_TO_32_BIT_CONVERSION = YES;
				GCC_WARN_ABOUT_RETURN_TYPE = YES_ERROR;
				GCC_WARN_UNDECLARED_SELECTOR = YES;
				GCC_WARN_UNINITIALIZED_AUTOS = YES_AGGRESSIVE;
				GCC_WARN_UNUSED_FUNCTION = YES;
				GCC_WARN_UNUSED_VARIABLE = YES;
				IPHONEOS_DEPLOYMENT_TARGET = 12.1;
				MTL_ENABLE_DEBUG_INFO = INCLUDE_SOURCE;
				MTL_FAST_MATH = YES;
				ONLY_ACTIVE_ARCH = YES;
				SDKROOT = iphoneos;
				SWIFT_ACTIVE_COMPILATION_CONDITIONS = DEBUG;
				SWIFT_OPTIMIZATION_LEVEL = "-Onone";
			};
			name = Debug;
		};
		4922D3F423F3F9110099CBF3 /* Release */ = {
			isa = XCBuildConfiguration;
			buildSettings = {
				ALWAYS_SEARCH_USER_PATHS = NO;
				CLANG_ANALYZER_NONNULL = YES;
				CLANG_ANALYZER_NUMBER_OBJECT_CONVERSION = YES_AGGRESSIVE;
				CLANG_CXX_LANGUAGE_STANDARD = "gnu++14";
				CLANG_CXX_LIBRARY = "libc++";
				CLANG_ENABLE_MODULES = YES;
				CLANG_ENABLE_OBJC_ARC = YES;
				CLANG_ENABLE_OBJC_WEAK = YES;
				CLANG_WARN_BLOCK_CAPTURE_AUTORELEASING = YES;
				CLANG_WARN_BOOL_CONVERSION = YES;
				CLANG_WARN_COMMA = YES;
				CLANG_WARN_CONSTANT_CONVERSION = YES;
				CLANG_WARN_DEPRECATED_OBJC_IMPLEMENTATIONS = YES;
				CLANG_WARN_DIRECT_OBJC_ISA_USAGE = YES_ERROR;
				CLANG_WARN_DOCUMENTATION_COMMENTS = YES;
				CLANG_WARN_EMPTY_BODY = YES;
				CLANG_WARN_ENUM_CONVERSION = YES;
				CLANG_WARN_INFINITE_RECURSION = YES;
				CLANG_WARN_INT_CONVERSION = YES;
				CLANG_WARN_NON_LITERAL_NULL_CONVERSION = YES;
				CLANG_WARN_OBJC_IMPLICIT_RETAIN_SELF = YES;
				CLANG_WARN_OBJC_LITERAL_CONVERSION = YES;
				CLANG_WARN_OBJC_ROOT_CLASS = YES_ERROR;
				CLANG_WARN_RANGE_LOOP_ANALYSIS = YES;
				CLANG_WARN_STRICT_PROTOTYPES = YES;
				CLANG_WARN_SUSPICIOUS_MOVE = YES;
				CLANG_WARN_UNGUARDED_AVAILABILITY = YES_AGGRESSIVE;
				CLANG_WARN_UNREACHABLE_CODE = YES;
				CLANG_WARN__DUPLICATE_METHOD_MATCH = YES;
				CODE_SIGN_IDENTITY = "iPhone Developer";
				COPY_PHASE_STRIP = NO;
				DEBUG_INFORMATION_FORMAT = "dwarf-with-dsym";
				ENABLE_NS_ASSERTIONS = NO;
				ENABLE_STRICT_OBJC_MSGSEND = YES;
				GCC_C_LANGUAGE_STANDARD = gnu11;
				GCC_NO_COMMON_BLOCKS = YES;
				GCC_WARN_64_TO_32_BIT_CONVERSION = YES;
				GCC_WARN_ABOUT_RETURN_TYPE = YES_ERROR;
				GCC_WARN_UNDECLARED_SELECTOR = YES;
				GCC_WARN_UNINITIALIZED_AUTOS = YES_AGGRESSIVE;
				GCC_WARN_UNUSED_FUNCTION = YES;
				GCC_WARN_UNUSED_VARIABLE = YES;
				IPHONEOS_DEPLOYMENT_TARGET = 12.1;
				MTL_ENABLE_DEBUG_INFO = NO;
				MTL_FAST_MATH = YES;
				SDKROOT = iphoneos;
				SWIFT_COMPILATION_MODE = wholemodule;
				SWIFT_OPTIMIZATION_LEVEL = "-O";
				VALIDATE_PRODUCT = YES;
			};
			name = Release;
		};
		4922D3F623F3F9110099CBF3 /* Debug */ = {
			isa = XCBuildConfiguration;
			buildSettings = {
				ASSETCATALOG_COMPILER_APPICON_NAME = AppIcon;
				CODE_SIGN_STYLE = Automatic;
				DEVELOPMENT_TEAM = DQWC92H659;
				INFOPLIST_FILE = MVVM_Sample/Info.plist;
				LD_RUNPATH_SEARCH_PATHS = (
					"$(inherited)",
					"@executable_path/Frameworks",
				);
				PRODUCT_BUNDLE_IDENTIFIER = "com.jefin.MVVM-Sample";
				PRODUCT_NAME = "$(TARGET_NAME)";
				SWIFT_VERSION = 4.2;
				TARGETED_DEVICE_FAMILY = "1,2";
			};
			name = Debug;
		};
		4922D3F723F3F9110099CBF3 /* Release */ = {
			isa = XCBuildConfiguration;
			buildSettings = {
				ASSETCATALOG_COMPILER_APPICON_NAME = AppIcon;
				CODE_SIGN_STYLE = Automatic;
				DEVELOPMENT_TEAM = DQWC92H659;
				INFOPLIST_FILE = MVVM_Sample/Info.plist;
				LD_RUNPATH_SEARCH_PATHS = (
					"$(inherited)",
					"@executable_path/Frameworks",
				);
				PRODUCT_BUNDLE_IDENTIFIER = "com.jefin.MVVM-Sample";
				PRODUCT_NAME = "$(TARGET_NAME)";
				SWIFT_VERSION = 4.2;
				TARGETED_DEVICE_FAMILY = "1,2";
			};
			name = Release;
		};
		4922D3F923F3F9110099CBF3 /* Debug */ = {
			isa = XCBuildConfiguration;
			buildSettings = {
				ALWAYS_EMBED_SWIFT_STANDARD_LIBRARIES = YES;
				BUNDLE_LOADER = "$(TEST_HOST)";
				CODE_SIGN_STYLE = Automatic;
				DEVELOPMENT_TEAM = 3874Q24RAH;
				INFOPLIST_FILE = MVVM_SampleTests/Info.plist;
				LD_RUNPATH_SEARCH_PATHS = (
					"$(inherited)",
					"@executable_path/Frameworks",
					"@loader_path/Frameworks",
				);
				PRODUCT_BUNDLE_IDENTIFIER = "com.jefin.MVVM-SampleTests";
				PRODUCT_NAME = "$(TARGET_NAME)";
				SWIFT_VERSION = 4.2;
				TARGETED_DEVICE_FAMILY = "1,2";
				TEST_HOST = "$(BUILT_PRODUCTS_DIR)/MVVM_Sample.app/MVVM_Sample";
			};
			name = Debug;
		};
		4922D3FA23F3F9110099CBF3 /* Release */ = {
			isa = XCBuildConfiguration;
			buildSettings = {
				ALWAYS_EMBED_SWIFT_STANDARD_LIBRARIES = YES;
				BUNDLE_LOADER = "$(TEST_HOST)";
				CODE_SIGN_STYLE = Automatic;
				DEVELOPMENT_TEAM = 3874Q24RAH;
				INFOPLIST_FILE = MVVM_SampleTests/Info.plist;
				LD_RUNPATH_SEARCH_PATHS = (
					"$(inherited)",
					"@executable_path/Frameworks",
					"@loader_path/Frameworks",
				);
				PRODUCT_BUNDLE_IDENTIFIER = "com.jefin.MVVM-SampleTests";
				PRODUCT_NAME = "$(TARGET_NAME)";
				SWIFT_VERSION = 4.2;
				TARGETED_DEVICE_FAMILY = "1,2";
				TEST_HOST = "$(BUILT_PRODUCTS_DIR)/MVVM_Sample.app/MVVM_Sample";
			};
			name = Release;
		};
		4922D3FC23F3F9110099CBF3 /* Debug */ = {
			isa = XCBuildConfiguration;
			buildSettings = {
				ALWAYS_EMBED_SWIFT_STANDARD_LIBRARIES = YES;
				CODE_SIGN_STYLE = Automatic;
				DEVELOPMENT_TEAM = 3874Q24RAH;
				INFOPLIST_FILE = MVVM_SampleUITests/Info.plist;
				LD_RUNPATH_SEARCH_PATHS = (
					"$(inherited)",
					"@executable_path/Frameworks",
					"@loader_path/Frameworks",
				);
				PRODUCT_BUNDLE_IDENTIFIER = "com.jefin.MVVM-SampleUITests";
				PRODUCT_NAME = "$(TARGET_NAME)";
				SWIFT_VERSION = 4.2;
				TARGETED_DEVICE_FAMILY = "1,2";
				TEST_TARGET_NAME = MVVM_Sample;
			};
			name = Debug;
		};
		4922D3FD23F3F9110099CBF3 /* Release */ = {
			isa = XCBuildConfiguration;
			buildSettings = {
				ALWAYS_EMBED_SWIFT_STANDARD_LIBRARIES = YES;
				CODE_SIGN_STYLE = Automatic;
				DEVELOPMENT_TEAM = 3874Q24RAH;
				INFOPLIST_FILE = MVVM_SampleUITests/Info.plist;
				LD_RUNPATH_SEARCH_PATHS = (
					"$(inherited)",
					"@executable_path/Frameworks",
					"@loader_path/Frameworks",
				);
				PRODUCT_BUNDLE_IDENTIFIER = "com.jefin.MVVM-SampleUITests";
				PRODUCT_NAME = "$(TARGET_NAME)";
				SWIFT_VERSION = 4.2;
				TARGETED_DEVICE_FAMILY = "1,2";
				TEST_TARGET_NAME = MVVM_Sample;
			};
			name = Release;
		};
/* End XCBuildConfiguration section */

/* Begin XCConfigurationList section */
		4922D3C823F3F90E0099CBF3 /* Build configuration list for PBXProject "MVVM_Sample" */ = {
			isa = XCConfigurationList;
			buildConfigurations = (
				4922D3F323F3F9110099CBF3 /* Debug */,
				4922D3F423F3F9110099CBF3 /* Release */,
			);
			defaultConfigurationIsVisible = 0;
			defaultConfigurationName = Release;
		};
		4922D3F523F3F9110099CBF3 /* Build configuration list for PBXNativeTarget "MVVM_Sample" */ = {
			isa = XCConfigurationList;
			buildConfigurations = (
				4922D3F623F3F9110099CBF3 /* Debug */,
				4922D3F723F3F9110099CBF3 /* Release */,
			);
			defaultConfigurationIsVisible = 0;
			defaultConfigurationName = Release;
		};
		4922D3F823F3F9110099CBF3 /* Build configuration list for PBXNativeTarget "MVVM_SampleTests" */ = {
			isa = XCConfigurationList;
			buildConfigurations = (
				4922D3F923F3F9110099CBF3 /* Debug */,
				4922D3FA23F3F9110099CBF3 /* Release */,
			);
			defaultConfigurationIsVisible = 0;
			defaultConfigurationName = Release;
		};
		4922D3FB23F3F9110099CBF3 /* Build configuration list for PBXNativeTarget "MVVM_SampleUITests" */ = {
			isa = XCConfigurationList;
			buildConfigurations = (
				4922D3FC23F3F9110099CBF3 /* Debug */,
				4922D3FD23F3F9110099CBF3 /* Release */,
			);
			defaultConfigurationIsVisible = 0;
			defaultConfigurationName = Release;
		};
/* End XCConfigurationList section */
	};
	rootObject = 4922D3C523F3F90E0099CBF3 /* Project object */;
}
